// !$*UTF8*$!
{
	archiveVersion = 1;
	classes = {
	};
	objectVersion = 50;
	objects = {

/* Begin PBXBuildFile section */
		74A018964B5C240BDEA1257C /* Pods_Illistrious.framework in Frameworks */ = {isa = PBXBuildFile; fileRef = 735CB8EB6FFA8CF45CFA792D /* Pods_Illistrious.framework */; };
		F2040193210A7F4B004C8B05 /* CategoryViewController.swift in Sources */ = {isa = PBXBuildFile; fileRef = F2040192210A7F4B004C8B05 /* CategoryViewController.swift */; };
		F2828DE620E5D10A00DC8805 /* AppDelegate.swift in Sources */ = {isa = PBXBuildFile; fileRef = F2828DE520E5D10A00DC8805 /* AppDelegate.swift */; };
		F2828DE820E5D10A00DC8805 /* IllistriousViewController.swift in Sources */ = {isa = PBXBuildFile; fileRef = F2828DE720E5D10A00DC8805 /* IllistriousViewController.swift */; };
		F2828DEB20E5D10A00DC8805 /* Main.storyboard in Resources */ = {isa = PBXBuildFile; fileRef = F2828DE920E5D10A00DC8805 /* Main.storyboard */; };
		F2828DED20E5D10C00DC8805 /* Assets.xcassets in Resources */ = {isa = PBXBuildFile; fileRef = F2828DEC20E5D10C00DC8805 /* Assets.xcassets */; };
		F2828DF020E5D10C00DC8805 /* LaunchScreen.storyboard in Resources */ = {isa = PBXBuildFile; fileRef = F2828DEE20E5D10C00DC8805 /* LaunchScreen.storyboard */; };
		F2828DFF20E6E5D700DC8805 /* DataModel.xcdatamodeld in Sources */ = {isa = PBXBuildFile; fileRef = F2828DFD20E6E5D700DC8805 /* DataModel.xcdatamodeld */; };
/* End PBXBuildFile section */

/* Begin PBXFileReference section */
		5EB1C50B1D3CDAFFBF8B7A47 /* Pods-Illistrious.debug.xcconfig */ = {isa = PBXFileReference; includeInIndex = 1; lastKnownFileType = text.xcconfig; name = "Pods-Illistrious.debug.xcconfig"; path = "Pods/Target Support Files/Pods-Illistrious/Pods-Illistrious.debug.xcconfig"; sourceTree = "<group>"; };
		735CB8EB6FFA8CF45CFA792D /* Pods_Illistrious.framework */ = {isa = PBXFileReference; explicitFileType = wrapper.framework; includeInIndex = 0; path = Pods_Illistrious.framework; sourceTree = BUILT_PRODUCTS_DIR; };
		9A47964CDF15248C3E403F57 /* Pods-Illistrious.release.xcconfig */ = {isa = PBXFileReference; includeInIndex = 1; lastKnownFileType = text.xcconfig; name = "Pods-Illistrious.release.xcconfig"; path = "Pods/Target Support Files/Pods-Illistrious/Pods-Illistrious.release.xcconfig"; sourceTree = "<group>"; };
		F2040192210A7F4B004C8B05 /* CategoryViewController.swift */ = {isa = PBXFileReference; lastKnownFileType = sourcecode.swift; path = CategoryViewController.swift; sourceTree = "<group>"; };
		F2828DE220E5D10A00DC8805 /* Illistrious.app */ = {isa = PBXFileReference; explicitFileType = wrapper.application; includeInIndex = 0; path = Illistrious.app; sourceTree = BUILT_PRODUCTS_DIR; };
		F2828DE520E5D10A00DC8805 /* AppDelegate.swift */ = {isa = PBXFileReference; lastKnownFileType = sourcecode.swift; path = AppDelegate.swift; sourceTree = "<group>"; };
		F2828DE720E5D10A00DC8805 /* IllistriousViewController.swift */ = {isa = PBXFileReference; lastKnownFileType = sourcecode.swift; path = IllistriousViewController.swift; sourceTree = "<group>"; };
		F2828DEA20E5D10A00DC8805 /* Base */ = {isa = PBXFileReference; lastKnownFileType = file.storyboard; name = Base; path = Base.lproj/Main.storyboard; sourceTree = "<group>"; };
		F2828DEC20E5D10C00DC8805 /* Assets.xcassets */ = {isa = PBXFileReference; lastKnownFileType = folder.assetcatalog; path = Assets.xcassets; sourceTree = "<group>"; };
		F2828DEF20E5D10C00DC8805 /* Base */ = {isa = PBXFileReference; lastKnownFileType = file.storyboard; name = Base; path = Base.lproj/LaunchScreen.storyboard; sourceTree = "<group>"; };
		F2828DF120E5D10C00DC8805 /* Info.plist */ = {isa = PBXFileReference; lastKnownFileType = text.plist.xml; path = Info.plist; sourceTree = "<group>"; };
		F2828DFE20E6E5D700DC8805 /* DataModel.xcdatamodel */ = {isa = PBXFileReference; lastKnownFileType = wrapper.xcdatamodel; path = DataModel.xcdatamodel; sourceTree = "<group>"; };
/* End PBXFileReference section */

/* Begin PBXFrameworksBuildPhase section */
		F2828DDF20E5D10900DC8805 /* Frameworks */ = {
			isa = PBXFrameworksBuildPhase;
			buildActionMask = 2147483647;
			files = (
				74A018964B5C240BDEA1257C /* Pods_Illistrious.framework in Frameworks */,
			);
			runOnlyForDeploymentPostprocessing = 0;
		};
/* End PBXFrameworksBuildPhase section */

/* Begin PBXGroup section */
		2B28B6DC1AB90B9A28301FFB /* Pods */ = {
			isa = PBXGroup;
			children = (
				5EB1C50B1D3CDAFFBF8B7A47 /* Pods-Illistrious.debug.xcconfig */,
				9A47964CDF15248C3E403F57 /* Pods-Illistrious.release.xcconfig */,
			);
			name = Pods;
			sourceTree = "<group>";
		};
		6F49FD6DE9B35B2D555E0103 /* Frameworks */ = {
			isa = PBXGroup;
			children = (
				735CB8EB6FFA8CF45CFA792D /* Pods_Illistrious.framework */,
			);
			name = Frameworks;
			sourceTree = "<group>";
		};
		F2828DD920E5D10900DC8805 = {
			isa = PBXGroup;
			children = (
				F2828DE420E5D10A00DC8805 /* Illistrious */,
				F2828DE320E5D10A00DC8805 /* Products */,
				2B28B6DC1AB90B9A28301FFB /* Pods */,
				6F49FD6DE9B35B2D555E0103 /* Frameworks */,
			);
			sourceTree = "<group>";
		};
		F2828DE320E5D10A00DC8805 /* Products */ = {
			isa = PBXGroup;
			children = (
				F2828DE220E5D10A00DC8805 /* Illistrious.app */,
			);
			name = Products;
			sourceTree = "<group>";
		};
		F2828DE420E5D10A00DC8805 /* Illistrious */ = {
			isa = PBXGroup;
			children = (
				F2828DE520E5D10A00DC8805 /* AppDelegate.swift */,
				F2828DFA20E6C4FD00DC8805 /* Controllers */,
				F2828DFB20E6C51D00DC8805 /* Views */,
				F2828DFC20E6C54000DC8805 /* Supporting Files */,
				F2828DF120E5D10C00DC8805 /* Info.plist */,
				F2828DF920E6C4B800DC8805 /* Data Model */,
			);
			path = Illistrious;
			sourceTree = "<group>";
		};
		F2828DF920E6C4B800DC8805 /* Data Model */ = {
			isa = PBXGroup;
			children = (
				F2828DFD20E6E5D700DC8805 /* DataModel.xcdatamodeld */,
			);
			path = "Data Model";
			sourceTree = "<group>";
		};
		F2828DFA20E6C4FD00DC8805 /* Controllers */ = {
			isa = PBXGroup;
			children = (
				F2040192210A7F4B004C8B05 /* CategoryViewController.swift */,
				F2828DE720E5D10A00DC8805 /* IllistriousViewController.swift */,
			);
			path = Controllers;
			sourceTree = "<group>";
		};
		F2828DFB20E6C51D00DC8805 /* Views */ = {
			isa = PBXGroup;
			children = (
				F2828DE920E5D10A00DC8805 /* Main.storyboard */,
			);
			path = Views;
			sourceTree = "<group>";
		};
		F2828DFC20E6C54000DC8805 /* Supporting Files */ = {
			isa = PBXGroup;
			children = (
				F2828DEC20E5D10C00DC8805 /* Assets.xcassets */,
				F2828DEE20E5D10C00DC8805 /* LaunchScreen.storyboard */,
			);
			path = "Supporting Files";
			sourceTree = "<group>";
		};
/* End PBXGroup section */

/* Begin PBXNativeTarget section */
		F2828DE120E5D10900DC8805 /* Illistrious */ = {
			isa = PBXNativeTarget;
			buildConfigurationList = F2828DF420E5D10C00DC8805 /* Build configuration list for PBXNativeTarget "Illistrious" */;
			buildPhases = (
				BBA0DC2E3FB8C07F72E87818 /* [CP] Check Pods Manifest.lock */,
				F2828DDE20E5D10900DC8805 /* Sources */,
				F2828DDF20E5D10900DC8805 /* Frameworks */,
				F2828DE020E5D10900DC8805 /* Resources */,
				DD3357C3BFDF668392622729 /* [CP] Embed Pods Frameworks */,
			);
			buildRules = (
			);
			dependencies = (
			);
			name = Illistrious;
			productName = Illistrious;
			productReference = F2828DE220E5D10A00DC8805 /* Illistrious.app */;
			productType = "com.apple.product-type.application";
		};
/* End PBXNativeTarget section */

/* Begin PBXProject section */
		F2828DDA20E5D10900DC8805 /* Project object */ = {
			isa = PBXProject;
			attributes = {
				LastSwiftUpdateCheck = 1000;
				LastUpgradeCheck = 1000;
				ORGANIZATIONNAME = "Eden Mugg";
				TargetAttributes = {
					F2828DE120E5D10900DC8805 = {
						CreatedOnToolsVersion = 10.0;
					};
				};
			};
			buildConfigurationList = F2828DDD20E5D10900DC8805 /* Build configuration list for PBXProject "Illistrious" */;
			compatibilityVersion = "Xcode 9.3";
			developmentRegion = en;
			hasScannedForEncodings = 0;
			knownRegions = (
				en,
				Base,
			);
			mainGroup = F2828DD920E5D10900DC8805;
			productRefGroup = F2828DE320E5D10A00DC8805 /* Products */;
			projectDirPath = "";
			projectRoot = "";
			targets = (
				F2828DE120E5D10900DC8805 /* Illistrious */,
			);
		};
/* End PBXProject section */

/* Begin PBXResourcesBuildPhase section */
		F2828DE020E5D10900DC8805 /* Resources */ = {
			isa = PBXResourcesBuildPhase;
			buildActionMask = 2147483647;
			files = (
				F2828DF020E5D10C00DC8805 /* LaunchScreen.storyboard in Resources */,
				F2828DED20E5D10C00DC8805 /* Assets.xcassets in Resources */,
				F2828DEB20E5D10A00DC8805 /* Main.storyboard in Resources */,
			);
			runOnlyForDeploymentPostprocessing = 0;
		};
/* End PBXResourcesBuildPhase section */

/* Begin PBXShellScriptBuildPhase section */
		BBA0DC2E3FB8C07F72E87818 /* [CP] Check Pods Manifest.lock */ = {
			isa = PBXShellScriptBuildPhase;
			buildActionMask = 2147483647;
			files = (
			);
			inputPaths = (
				"${PODS_PODFILE_DIR_PATH}/Podfile.lock",
				"${PODS_ROOT}/Manifest.lock",
			);
			name = "[CP] Check Pods Manifest.lock";
			outputPaths = (
				"$(DERIVED_FILE_DIR)/Pods-Illistrious-checkManifestLockResult.txt",
			);
			runOnlyForDeploymentPostprocessing = 0;
			shellPath = /bin/sh;
			shellScript = "diff \"${PODS_PODFILE_DIR_PATH}/Podfile.lock\" \"${PODS_ROOT}/Manifest.lock\" > /dev/null\nif [ $? != 0 ] ; then\n    # print error to STDERR\n    echo \"error: The sandbox is not in sync with the Podfile.lock. Run 'pod install' or update your CocoaPods installation.\" >&2\n    exit 1\nfi\n# This output is used by Xcode 'outputs' to avoid re-running this script phase.\necho \"SUCCESS\" > \"${SCRIPT_OUTPUT_FILE_0}\"\n";
			showEnvVarsInLog = 0;
		};
		DD3357C3BFDF668392622729 /* [CP] Embed Pods Frameworks */ = {
			isa = PBXShellScriptBuildPhase;
			buildActionMask = 2147483647;
			files = (
			);
			inputPaths = (
				"${SRCROOT}/Pods/Target Support Files/Pods-Illistrious/Pods-Illistrious-frameworks.sh",
				"${BUILT_PRODUCTS_DIR}/Realm/Realm.framework",
				"${BUILT_PRODUCTS_DIR}/RealmSwift/RealmSwift.framework",
			);
			name = "[CP] Embed Pods Frameworks";
			outputPaths = (
				"${TARGET_BUILD_DIR}/${FRAMEWORKS_FOLDER_PATH}/Realm.framework",
				"${TARGET_BUILD_DIR}/${FRAMEWORKS_FOLDER_PATH}/RealmSwift.framework",
			);
			runOnlyForDeploymentPostprocessing = 0;
			shellPath = /bin/sh;
			shellScript = "\"${SRCROOT}/Pods/Target Support Files/Pods-Illistrious/Pods-Illistrious-frameworks.sh\"\n";
			showEnvVarsInLog = 0;
		};
/* End PBXShellScriptBuildPhase section */

/* Begin PBXSourcesBuildPhase section */
		F2828DDE20E5D10900DC8805 /* Sources */ = {
			isa = PBXSourcesBuildPhase;
			buildActionMask = 2147483647;
			files = (
				F2040193210A7F4B004C8B05 /* CategoryViewController.swift in Sources */,
				F2828DE820E5D10A00DC8805 /* IllistriousViewController.swift in Sources */,
				F2828DFF20E6E5D700DC8805 /* DataModel.xcdatamodeld in Sources */,
				F2828DE620E5D10A00DC8805 /* AppDelegate.swift in Sources */,
			);
			runOnlyForDeploymentPostprocessing = 0;
		};
/* End PBXSourcesBuildPhase section */

/* Begin PBXVariantGroup section */
		F2828DE920E5D10A00DC8805 /* Main.storyboard */ = {
			isa = PBXVariantGroup;
			children = (
				F2828DEA20E5D10A00DC8805 /* Base */,
			);
			name = Main.storyboard;
			sourceTree = "<group>";
		};
		F2828DEE20E5D10C00DC8805 /* LaunchScreen.storyboard */ = {
			isa = PBXVariantGroup;
			children = (
				F2828DEF20E5D10C00DC8805 /* Base */,
			);
			name = LaunchScreen.storyboard;
			sourceTree = "<group>";
		};
/* End PBXVariantGroup section */

/* Begin XCBuildConfiguration section */
		F2828DF220E5D10C00DC8805 /* Debug */ = {
			isa = XCBuildConfiguration;
			buildSettings = {
				ALWAYS_SEARCH_USER_PATHS = NO;
				CLANG_ANALYZER_NONNULL = YES;
				CLANG_ANALYZER_NUMBER_OBJECT_CONVERSION = YES_AGGRESSIVE;
				CLANG_CXX_LANGUAGE_STANDARD = "gnu++14";
				CLANG_CXX_LIBRARY = "libc++";
				CLANG_ENABLE_MODULES = YES;
				CLANG_ENABLE_OBJC_ARC = YES;
				CLANG_ENABLE_OBJC_WEAK = YES;
				CLANG_WARN_BLOCK_CAPTURE_AUTORELEASING = YES;
				CLANG_WARN_BOOL_CONVERSION = YES;
				CLANG_WARN_COMMA = YES;
				CLANG_WARN_CONSTANT_CONVERSION = YES;
				CLANG_WARN_DEPRECATED_OBJC_IMPLEMENTATIONS = YES;
				CLANG_WARN_DIRECT_OBJC_ISA_USAGE = YES_ERROR;
				CLANG_WARN_DOCUMENTATION_COMMENTS = YES;
				CLANG_WARN_EMPTY_BODY = YES;
				CLANG_WARN_ENUM_CONVERSION = YES;
				CLANG_WARN_INFINITE_RECURSION = YES;
				CLANG_WARN_INT_CONVERSION = YES;
				CLANG_WARN_NON_LITERAL_NULL_CONVERSION = YES;
				CLANG_WARN_OBJC_IMPLICIT_RETAIN_SELF = YES;
				CLANG_WARN_OBJC_LITERAL_CONVERSION = YES;
				CLANG_WARN_OBJC_ROOT_CLASS = YES_ERROR;
				CLANG_WARN_RANGE_LOOP_ANALYSIS = YES;
				CLANG_WARN_STRICT_PROTOTYPES = YES;
				CLANG_WARN_SUSPICIOUS_MOVE = YES;
				CLANG_WARN_UNGUARDED_AVAILABILITY = YES_AGGRESSIVE;
				CLANG_WARN_UNREACHABLE_CODE = YES;
				CLANG_WARN__DUPLICATE_METHOD_MATCH = YES;
				CODE_SIGN_IDENTITY = "iPhone Developer";
				COPY_PHASE_STRIP = NO;
				DEBUG_INFORMATION_FORMAT = dwarf;
				ENABLE_STRICT_OBJC_MSGSEND = YES;
				ENABLE_TESTABILITY = YES;
				GCC_C_LANGUAGE_STANDARD = gnu11;
				GCC_DYNAMIC_NO_PIC = NO;
				GCC_NO_COMMON_BLOCKS = YES;
				GCC_OPTIMIZATION_LEVEL = 0;
				GCC_PREPROCESSOR_DEFINITIONS = (
					"DEBUG=1",
					"$(inherited)",
				);
				GCC_WARN_64_TO_32_BIT_CONVERSION = YES;
				GCC_WARN_ABOUT_RETURN_TYPE = YES_ERROR;
				GCC_WARN_UNDECLARED_SELECTOR = YES;
				GCC_WARN_UNINITIALIZED_AUTOS = YES_AGGRESSIVE;
				GCC_WARN_UNUSED_FUNCTION = YES;
				GCC_WARN_UNUSED_VARIABLE = YES;
				IPHONEOS_DEPLOYMENT_TARGET = 12.0;
				MTL_ENABLE_DEBUG_INFO = INCLUDE_SOURCE;
				ONLY_ACTIVE_ARCH = YES;
				SDKROOT = iphoneos;
				SWIFT_ACTIVE_COMPILATION_CONDITIONS = DEBUG;
				SWIFT_OPTIMIZATION_LEVEL = "-Onone";
			};
			name = Debug;
		};
		F2828DF320E5D10C00DC8805 /* Release */ = {
			isa = XCBuildConfiguration;
			buildSettings = {
				ALWAYS_SEARCH_USER_PATHS = NO;
				CLANG_ANALYZER_NONNULL = YES;
				CLANG_ANALYZER_NUMBER_OBJECT_CONVERSION = YES_AGGRESSIVE;
				CLANG_CXX_LANGUAGE_STANDARD = "gnu++14";
				CLANG_CXX_LIBRARY = "libc++";
				CLANG_ENABLE_MODULES = YES;
				CLANG_ENABLE_OBJC_ARC = YES;
				CLANG_ENABLE_OBJC_WEAK = YES;
				CLANG_WARN_BLOCK_CAPTURE_AUTORELEASING = YES;
				CLANG_WARN_BOOL_CONVERSION = YES;
				CLANG_WARN_COMMA = YES;
				CLANG_WARN_CONSTANT_CONVERSION = YES;
				CLANG_WARN_DEPRECATED_OBJC_IMPLEMENTATIONS = YES;
				CLANG_WARN_DIRECT_OBJC_ISA_USAGE = YES_ERROR;
				CLANG_WARN_DOCUMENTATION_COMMENTS = YES;
				CLANG_WARN_EMPTY_BODY = YES;
				CLANG_WARN_ENUM_CONVERSION = YES;
				CLANG_WARN_INFINITE_RECURSION = YES;
				CLANG_WARN_INT_CONVERSION = YES;
				CLANG_WARN_NON_LITERAL_NULL_CONVERSION = YES;
				CLANG_WARN_OBJC_IMPLICIT_RETAIN_SELF = YES;
				CLANG_WARN_OBJC_LITERAL_CONVERSION = YES;
				CLANG_WARN_OBJC_ROOT_CLASS = YES_ERROR;
				CLANG_WARN_RANGE_LOOP_ANALYSIS = YES;
				CLANG_WARN_STRICT_PROTOTYPES = YES;
				CLANG_WARN_SUSPICIOUS_MOVE = YES;
				CLANG_WARN_UNGUARDED_AVAILABILITY = YES_AGGRESSIVE;
				CLANG_WARN_UNREACHABLE_CODE = YES;
				CLANG_WARN__DUPLICATE_METHOD_MATCH = YES;
				CODE_SIGN_IDENTITY = "iPhone Developer";
				COPY_PHASE_STRIP = NO;
				DEBUG_INFORMATION_FORMAT = "dwarf-with-dsym";
				ENABLE_NS_ASSERTIONS = NO;
				ENABLE_STRICT_OBJC_MSGSEND = YES;
				GCC_C_LANGUAGE_STANDARD = gnu11;
				GCC_NO_COMMON_BLOCKS = YES;
				GCC_WARN_64_TO_32_BIT_CONVERSION = YES;
				GCC_WARN_ABOUT_RETURN_TYPE = YES_ERROR;
				GCC_WARN_UNDECLARED_SELECTOR = YES;
				GCC_WARN_UNINITIALIZED_AUTOS = YES_AGGRESSIVE;
				GCC_WARN_UNUSED_FUNCTION = YES;
				GCC_WARN_UNUSED_VARIABLE = YES;
				IPHONEOS_DEPLOYMENT_TARGET = 12.0;
				MTL_ENABLE_DEBUG_INFO = NO;
				SDKROOT = iphoneos;
				SWIFT_COMPILATION_MODE = wholemodule;
				SWIFT_OPTIMIZATION_LEVEL = "-O";
				VALIDATE_PRODUCT = YES;
			};
			name = Release;
		};
		F2828DF520E5D10C00DC8805 /* Debug */ = {
			isa = XCBuildConfiguration;
			baseConfigurationReference = 5EB1C50B1D3CDAFFBF8B7A47 /* Pods-Illistrious.debug.xcconfig */;
			buildSettings = {
				ASSETCATALOG_COMPILER_APPICON_NAME = AppIcon;
				CODE_SIGN_STYLE = Automatic;
				DEVELOPMENT_TEAM = W2P579529X;
				INFOPLIST_FILE = Illistrious/Info.plist;
				LD_RUNPATH_SEARCH_PATHS = (
					"$(inherited)",
					"@executable_path/Frameworks",
				);
				PRODUCT_BUNDLE_IDENTIFIER = com.edenmugg.Illistrious;
				PRODUCT_NAME = "$(TARGET_NAME)";
				SWIFT_VERSION = 4.2;
				TARGETED_DEVICE_FAMILY = "1,2";
			};
			name = Debug;
		};
		F2828DF620E5D10C00DC8805 /* Release */ = {
			isa = XCBuildConfiguration;
			baseConfigurationReference = 9A47964CDF15248C3E403F57 /* Pods-Illistrious.release.xcconfig */;
			buildSettings = {
				ASSETCATALOG_COMPILER_APPICON_NAME = AppIcon;
				CODE_SIGN_STYLE = Automatic;
				DEVELOPMENT_TEAM = W2P579529X;
				INFOPLIST_FILE = Illistrious/Info.plist;
				LD_RUNPATH_SEARCH_PATHS = (
					"$(inherited)",
					"@executable_path/Frameworks",
				);
				PRODUCT_BUNDLE_IDENTIFIER = com.edenmugg.Illistrious;
				PRODUCT_NAME = "$(TARGET_NAME)";
				SWIFT_VERSION = 4.2;
				TARGETED_DEVICE_FAMILY = "1,2";
			};
			name = Release;
		};
/* End XCBuildConfiguration section */

/* Begin XCConfigurationList section */
		F2828DDD20E5D10900DC8805 /* Build configuration list for PBXProject "Illistrious" */ = {
			isa = XCConfigurationList;
			buildConfigurations = (
				F2828DF220E5D10C00DC8805 /* Debug */,
				F2828DF320E5D10C00DC8805 /* Release */,
			);
			defaultConfigurationIsVisible = 0;
			defaultConfigurationName = Release;
		};
		F2828DF420E5D10C00DC8805 /* Build configuration list for PBXNativeTarget "Illistrious" */ = {
			isa = XCConfigurationList;
			buildConfigurations = (
				F2828DF520E5D10C00DC8805 /* Debug */,
				F2828DF620E5D10C00DC8805 /* Release */,
			);
			defaultConfigurationIsVisible = 0;
			defaultConfigurationName = Release;
		};
/* End XCConfigurationList section */

/* Begin XCVersionGroup section */
		F2828DFD20E6E5D700DC8805 /* DataModel.xcdatamodeld */ = {
			isa = XCVersionGroup;
			children = (
				F2828DFE20E6E5D700DC8805 /* DataModel.xcdatamodel */,
			);
			currentVersion = F2828DFE20E6E5D700DC8805 /* DataModel.xcdatamodel */;
			path = DataModel.xcdatamodeld;
			sourceTree = "<group>";
			versionGroupType = wrapper.xcdatamodel;
		};
/* End XCVersionGroup section */
	};
	rootObject = F2828DDA20E5D10900DC8805 /* Project object */;
}
